{
  "lockfileVersion": 1,
  "configVersion": 1,
  "workspaces": {
    "": {
      "name": "effect2d",
      "dependencies": {
        "@kmamal/sdl": "^0.11.13",
        "@napi-rs/canvas": "^0.1.97",
        "effect": "^4.0.0-beta.36",
      },
      "devDependencies": {
        "@biomejs/biome": "^2.4.8",
        "@effect/language-service": "^0.81.0",
        "@effect/tsgo": "^0.0.17",
        "@types/bun": "latest",
        "@typescript/native-preview": "^7.0.0-dev.20260322.1",
      },
      "peerDependencies": {
        "typescript": "^5",
      },
    },
  },
  "trustedDependencies": [
    "@kmamal/sdl",
  ],
  "packages": {
    "@biomejs/biome": ["@biomejs/biome@2.4.8", "", { "optionalDependencies": { "@biomejs/cli-darwin-arm64": "2.4.8", "@biomejs/cli-darwin-x64": "2.4.8", "@biomejs/cli-linux-arm64": "2.4.8", "@biomejs/cli-linux-arm64-musl": "2.4.8", "@biomejs/cli-linux-x64": "2.4.8", "@biomejs/cli-linux-x64-musl": "2.4.8", "@biomejs/cli-win32-arm64": "2.4.8", "@biomejs/cli-win32-x64": "2.4.8" }, "bin": { "biome": "bin/biome" } }, "sha512-ponn0oKOky1oRXBV+rlSaUlixUxf1aZvWC19Z41zBfUOUesthrQqL3OtiAlSB1EjFjyWpn98Q64DHelhA6jNlA=="],

    "@biomejs/cli-darwin-arm64": ["@biomejs/cli-darwin-arm64@2.4.8", "", { "os": "darwin", "cpu": "arm64" }, "sha512-ARx0tECE8I7S2C2yjnWYLNbBdDoPdq3oyNLhMglmuctThwUsuzFWRKrHmIGwIRWKz0Mat9DuzLEDp52hGnrxGQ=="],

    "@biomejs/cli-darwin-x64": ["@biomejs/cli-darwin-x64@2.4.8", "", { "os": "darwin", "cpu": "x64" }, "sha512-Jg9/PsB9vDCJlANE8uhG7qDhb5w0Ix69D7XIIc8IfZPUoiPrbLm33k2Ig3NOJ/7nb3UbesFz3D1aDKm9DvzjhQ=="],

    "@biomejs/cli-linux-arm64": ["@biomejs/cli-linux-arm64@2.4.8", "", { "os": "linux", "cpu": "arm64" }, "sha512-5CdrsJct76XG2hpKFwXnEtlT1p+4g4yV+XvvwBpzKsTNLO9c6iLlAxwcae2BJ7ekPGWjNGw9j09T5KGPKKxQig=="],

    "@biomejs/cli-linux-arm64-musl": ["@biomejs/cli-linux-arm64-musl@2.4.8", "", { "os": "linux", "cpu": "arm64" }, "sha512-Zo9OhBQDJ3IBGPlqHiTISloo5H0+FBIpemqIJdW/0edJ+gEcLR+MZeZozcUyz3o1nXkVA7++DdRKQT0599j9jA=="],

    "@biomejs/cli-linux-x64": ["@biomejs/cli-linux-x64@2.4.8", "", { "os": "linux", "cpu": "x64" }, "sha512-PdKXspVEaMCQLjtZCn6vfSck/li4KX9KGwSDbZdgIqlrizJ2MnMcE3TvHa2tVfXNmbjMikzcfJpuPWH695yJrw=="],

    "@biomejs/cli-linux-x64-musl": ["@biomejs/cli-linux-x64-musl@2.4.8", "", { "os": "linux", "cpu": "x64" }, "sha512-Gi8quv8MEuDdKaPFtS2XjEnMqODPsRg6POT6KhoP+VrkNb+T2ywunVB+TvOU0LX1jAZzfBr+3V1mIbBhzAMKvw=="],

    "@biomejs/cli-win32-arm64": ["@biomejs/cli-win32-arm64@2.4.8", "", { "os": "win32", "cpu": "arm64" }, "sha512-LoFatS0tnHv6KkCVpIy3qZCih+MxUMvdYiPWLHRri7mhi2vyOOs8OrbZBcLTUEWCS+ktO72nZMy4F96oMhkOHQ=="],

    "@biomejs/cli-win32-x64": ["@biomejs/cli-win32-x64@2.4.8", "", { "os": "win32", "cpu": "x64" }, "sha512-vAn7iXDoUbqFXqVocuq1sMYAd33p8+mmurqJkWl6CtIhobd/O6moe4rY5AJvzbunn/qZCdiDVcveqtkFh1e7Hg=="],

    "@effect/language-service": ["@effect/language-service@0.81.0", "", { "bin": { "effect-language-service": "cli.js" } }, "sha512-7MYFsq9w9l2MkUw5/33fiG3YAkgnT6U1mwV0QvhokhnLhPW9cIetwAHNtXwsgr5omPQheLuflTIAFvPaZLQcPw=="],

    "@effect/tsgo": ["@effect/tsgo@0.0.17", "", { "optionalDependencies": { "@effect/tsgo-darwin-arm64": "0.0.17", "@effect/tsgo-darwin-x64": "0.0.17", "@effect/tsgo-linux-arm": "0.0.17", "@effect/tsgo-linux-arm64": "0.0.17", "@effect/tsgo-linux-x64": "0.0.17", "@effect/tsgo-win32-arm64": "0.0.17", "@effect/tsgo-win32-x64": "0.0.17" }, "bin": { "effect-tsgo": "bin/effect-tsgo.js" } }, "sha512-lolef3DCZq9fSMXZQjHOFBfiR67oGtdvWX4umb11SsHRJDIYleizAMZRiGI9T9Tp6jRTqsiqa8XFO5MANnoC0g=="],

    "@effect/tsgo-darwin-arm64": ["@effect/tsgo-darwin-arm64@0.0.17", "", { "os": "darwin", "cpu": "arm64" }, "sha512-mdHPrEwUq0/b+byBmVlOVXGaIT0M4OWaeUj2Fu4xJILD6XOll6nSlNhznbloPiRv92On/yQTLkGheo6fk6Cqsw=="],

    "@effect/tsgo-darwin-x64": ["@effect/tsgo-darwin-x64@0.0.17", "", { "os": "darwin", "cpu": "x64" }, "sha512-U97UFOyRJ9QuuNOXaD8pLikaC4cIWwzGE80l+ZAcplSUKxNeXrE8wlk+4FhWN7SDAufcoXzXJl+MKMrNmt0vhQ=="],

    "@effect/tsgo-linux-arm": ["@effect/tsgo-linux-arm@0.0.17", "", { "os": "linux", "cpu": "arm" }, "sha512-ruMktzvFJyxAE/dabaL3VO3PS0QUJ3sLcvmB0Ez4Fv2679LM/+pS51EXLVnwEArRi1fdXNlaGAaPDEvHFm+6lA=="],

    "@effect/tsgo-linux-arm64": ["@effect/tsgo-linux-arm64@0.0.17", "", { "os": "linux", "cpu": "arm64" }, "sha512-jw5/+LwETt8AYE3uEKnTJy+adm8Q58M5zsnQrgXer27DieHh8LudEF7S2pRjN5RRv24wwwkwQEbjCWBjQbE5+w=="],

    "@effect/tsgo-linux-x64": ["@effect/tsgo-linux-x64@0.0.17", "", { "os": "linux", "cpu": "x64" }, "sha512-57aa9KuO+tuRUHiRCYkZJHb2JOkaRBGFamre0iFk1x2iuiMg39qcOesUnvQhpIrX02v9AFzV1qaEuXJDory4Lg=="],

    "@effect/tsgo-win32-arm64": ["@effect/tsgo-win32-arm64@0.0.17", "", { "os": "win32", "cpu": "arm64" }, "sha512-dP7Mte0QBn7YlfM9uSC/me7GAge56vFQLXtizN8SuOPXcuX6XOn70kxTNfYZMb0IvN4I+qcwpgQ2bZoz9GQw4A=="],

    "@effect/tsgo-win32-x64": ["@effect/tsgo-win32-x64@0.0.17", "", { "os": "win32", "cpu": "x64" }, "sha512-LNp4zPGK18JfvYW0U7xXkWDcDZleo4JIxFTmfod9YviyUmLO/IxEvFYHO3kVI4i6WVZHMKmeMLgzfFpSIRmlnQ=="],

    "@isaacs/fs-minipass": ["@isaacs/fs-minipass@4.0.1", "", { "dependencies": { "minipass": "^7.0.4" } }, "sha512-wgm9Ehl2jpeqP3zw/7mo3kRHFp5MEDhqAdwy1fTGkHAwnkGOVsgpvQhL8B5n1qlb01jV3n/bI0ZfZp5lWA1k4w=="],

    "@kmamal/sdl": ["@kmamal/sdl@0.11.13", "", { "dependencies": { "tar": "^7.4.3" } }, "sha512-9WmxYNtCggi7Ovq1cU7m/s5WXD/+eKQxDMnL3bU8B5vr5GlaLg4xLykDCpcbWKkJJ2i6llTrdL7LiqikwDFz4w=="],

    "@msgpackr-extract/msgpackr-extract-darwin-arm64": ["@msgpackr-extract/msgpackr-extract-darwin-arm64@3.0.3", "", { "os": "darwin", "cpu": "arm64" }, "sha512-QZHtlVgbAdy2zAqNA9Gu1UpIuI8Xvsd1v8ic6B2pZmeFnFcMWiPLfWXh7TVw4eGEZ/C9TH281KwhVoeQUKbyjw=="],

    "@msgpackr-extract/msgpackr-extract-darwin-x64": ["@msgpackr-extract/msgpackr-extract-darwin-x64@3.0.3", "", { "os": "darwin", "cpu": "x64" }, "sha512-mdzd3AVzYKuUmiWOQ8GNhl64/IoFGol569zNRdkLReh6LRLHOXxU4U8eq0JwaD8iFHdVGqSy4IjFL4reoWCDFw=="],

    "@msgpackr-extract/msgpackr-extract-linux-arm": ["@msgpackr-extract/msgpackr-extract-linux-arm@3.0.3", "", { "os": "linux", "cpu": "arm" }, "sha512-fg0uy/dG/nZEXfYilKoRe7yALaNmHoYeIoJuJ7KJ+YyU2bvY8vPv27f7UKhGRpY6euFYqEVhxCFZgAUNQBM3nw=="],

    "@msgpackr-extract/msgpackr-extract-linux-arm64": ["@msgpackr-extract/msgpackr-extract-linux-arm64@3.0.3", "", { "os": "linux", "cpu": "arm64" }, "sha512-YxQL+ax0XqBJDZiKimS2XQaf+2wDGVa1enVRGzEvLLVFeqa5kx2bWbtcSXgsxjQB7nRqqIGFIcLteF/sHeVtQg=="],

    "@msgpackr-extract/msgpackr-extract-linux-x64": ["@msgpackr-extract/msgpackr-extract-linux-x64@3.0.3", "", { "os": "linux", "cpu": "x64" }, "sha512-cvwNfbP07pKUfq1uH+S6KJ7dT9K8WOE4ZiAcsrSes+UY55E/0jLYc+vq+DO7jlmqRb5zAggExKm0H7O/CBaesg=="],

    "@msgpackr-extract/msgpackr-extract-win32-x64": ["@msgpackr-extract/msgpackr-extract-win32-x64@3.0.3", "", { "os": "win32", "cpu": "x64" }, "sha512-x0fWaQtYp4E6sktbsdAqnehxDgEc/VwM7uLsRCYWaiGu0ykYdZPiS8zCWdnjHwyiumousxfBm4SO31eXqwEZhQ=="],

    "@napi-rs/canvas": ["@napi-rs/canvas@0.1.97", "", { "optionalDependencies": { "@napi-rs/canvas-android-arm64": "0.1.97", "@napi-rs/canvas-darwin-arm64": "0.1.97", "@napi-rs/canvas-darwin-x64": "0.1.97", "@napi-rs/canvas-linux-arm-gnueabihf": "0.1.97", "@napi-rs/canvas-linux-arm64-gnu": "0.1.97", "@napi-rs/canvas-linux-arm64-musl": "0.1.97", "@napi-rs/canvas-linux-riscv64-gnu": "0.1.97", "@napi-rs/canvas-linux-x64-gnu": "0.1.97", "@napi-rs/canvas-linux-x64-musl": "0.1.97", "@napi-rs/canvas-win32-arm64-msvc": "0.1.97", "@napi-rs/canvas-win32-x64-msvc": "0.1.97" } }, "sha512-8cFniXvrIEnVwuNSRCW9wirRZbHvrD3JVujdS2P5n5xiJZNZMOZcfOvJ1pb66c7jXMKHHglJEDVJGbm8XWFcXQ=="],

    "@napi-rs/canvas-android-arm64": ["@napi-rs/canvas-android-arm64@0.1.97", "", { "os": "android", "cpu": "arm64" }, "sha512-V1c/WVw+NzH8vk7ZK/O8/nyBSCQimU8sfMsB/9qeSvdkGKNU7+mxy/bIF0gTgeBFmHpj30S4E9WHMSrxXGQuVQ=="],

    "@napi-rs/canvas-darwin-arm64": ["@napi-rs/canvas-darwin-arm64@0.1.97", "", { "os": "darwin", "cpu": "arm64" }, "sha512-ok+SCEF4YejcxuJ9Rm+WWunHHpf2HmiPxfz6z1a/NFQECGXtsY7A4B8XocK1LmT1D7P174MzwPF9Wy3AUAwEPw=="],

    "@napi-rs/canvas-darwin-x64": ["@napi-rs/canvas-darwin-x64@0.1.97", "", { "os": "darwin", "cpu": "x64" }, "sha512-PUP6e6/UGlclUvAQNnuXCcnkpdUou6VYZfQOQxExLp86epOylmiwLkqXIvpFmjoTEDmPmXrI+coL/9EFU1gKPA=="],

    "@napi-rs/canvas-linux-arm-gnueabihf": ["@napi-rs/canvas-linux-arm-gnueabihf@0.1.97", "", { "os": "linux", "cpu": "arm" }, "sha512-XyXH2L/cic8eTNtbrXCcvqHtMX/nEOxN18+7rMrAM2XtLYC/EB5s0wnO1FsLMWmK+04ZSLN9FBGipo7kpIkcOw=="],

    "@napi-rs/canvas-linux-arm64-gnu": ["@napi-rs/canvas-linux-arm64-gnu@0.1.97", "", { "os": "linux", "cpu": "arm64" }, "sha512-Kuq/M3djq0K8ktgz6nPlK7Ne5d4uWeDxPpyKWOjWDK2RIOhHVtLtyLiJw2fuldw7Vn4mhw05EZXCEr4Q76rs9w=="],

    "@napi-rs/canvas-linux-arm64-musl": ["@napi-rs/canvas-linux-arm64-musl@0.1.97", "", { "os": "linux", "cpu": "arm64" }, "sha512-kKmSkQVnWeqg7qdsiXvYxKhAFuHz3tkBjW/zyQv5YKUPhotpaVhpBGv5LqCngzyuRV85SXoe+OFj+Tv0a0QXkQ=="],

    "@napi-rs/canvas-linux-riscv64-gnu": ["@napi-rs/canvas-linux-riscv64-gnu@0.1.97", "", { "os": "linux", "cpu": "none" }, "sha512-Jc7I3A51jnEOIAXeLsN/M/+Z28LUeakcsXs07FLq9prXc0eYOtVwsDEv913Gr+06IRo34gJJVgT0TXvmz+N2VA=="],

    "@napi-rs/canvas-linux-x64-gnu": ["@napi-rs/canvas-linux-x64-gnu@0.1.97", "", { "os": "linux", "cpu": "x64" }, "sha512-iDUBe7AilfuBSRbSa8/IGX38Mf+iCSBqoVKLSQ5XaY2JLOaqz1TVyPFEyIck7wT6mRQhQt5sN6ogfjIDfi74tg=="],

    "@napi-rs/canvas-linux-x64-musl": ["@napi-rs/canvas-linux-x64-musl@0.1.97", "", { "os": "linux", "cpu": "x64" }, "sha512-AKLFd/v0Z5fvgqBDqhvqtAdx+fHMJ5t9JcUNKq4FIZ5WH+iegGm8HPdj00NFlCSnm83Fp3Ln8I2f7uq1aIiWaA=="],

    "@napi-rs/canvas-win32-arm64-msvc": ["@napi-rs/canvas-win32-arm64-msvc@0.1.97", "", { "os": "win32", "cpu": "arm64" }, "sha512-u883Yr6A6fO7Vpsy9YE4FVCIxzzo5sO+7pIUjjoDLjS3vQaNMkVzx5bdIpEL+ob+gU88WDK4VcxYMZ6nmnoX9A=="],

    "@napi-rs/canvas-win32-x64-msvc": ["@napi-rs/canvas-win32-x64-msvc@0.1.97", "", { "os": "win32", "cpu": "x64" }, "sha512-sWtD2EE3fV0IzN+iiQUqr/Q1SwqWhs2O1FKItFlxtdDkikpEj5g7DKQpY3x55H/MAOnL8iomnlk3mcEeGiUMoQ=="],

    "@standard-schema/spec": ["@standard-schema/spec@1.1.0", "", {}, "sha512-l2aFy5jALhniG5HgqrD6jXLi/rUWrKvqN/qJx6yoJsgKhblVd+iqqU4RCXavm/jPityDo5TCvKMnpjKnOriy0w=="],

    "@types/bun": ["@types/bun@1.3.11", "", { "dependencies": { "bun-types": "1.3.11" } }, "sha512-5vPne5QvtpjGpsGYXiFyycfpDF2ECyPcTSsFBMa0fraoxiQyMJ3SmuQIGhzPg2WJuWxVBoxWJ2kClYTcw/4fAg=="],

    "@types/node": ["@types/node@25.5.0", "", { "dependencies": { "undici-types": "~7.18.0" } }, "sha512-jp2P3tQMSxWugkCUKLRPVUpGaL5MVFwF8RDuSRztfwgN1wmqJeMSbKlnEtQqU8UrhTmzEmZdu2I6v2dpp7XIxw=="],

    "@typescript/native-preview": ["@typescript/native-preview@7.0.0-dev.20260322.1", "", { "optionalDependencies": { "@typescript/native-preview-darwin-arm64": "7.0.0-dev.20260322.1", "@typescript/native-preview-darwin-x64": "7.0.0-dev.20260322.1", "@typescript/native-preview-linux-arm": "7.0.0-dev.20260322.1", "@typescript/native-preview-linux-arm64": "7.0.0-dev.20260322.1", "@typescript/native-preview-linux-x64": "7.0.0-dev.20260322.1", "@typescript/native-preview-win32-arm64": "7.0.0-dev.20260322.1", "@typescript/native-preview-win32-x64": "7.0.0-dev.20260322.1" }, "bin": { "tsgo": "bin/tsgo.js" } }, "sha512-CmzQTKvesYHmz3g92G+XPDis25ocvHqa/gK8m98w+bML99KJLEWQKVlvkLrYA85JiJEK+XBIiz+6lCgUqRkWXA=="],

    "@typescript/native-preview-darwin-arm64": ["@typescript/native-preview-darwin-arm64@7.0.0-dev.20260322.1", "", { "os": "darwin", "cpu": "arm64" }, "sha512-5wSilxwLGX5fMKJgsUkCBwOfW9GMG3WF5j77CVBOdFI7miFaR3JQaPzTA+uyHDMNIIeSDo1KtV77GT48Y/d0Xg=="],

    "@typescript/native-preview-darwin-x64": ["@typescript/native-preview-darwin-x64@7.0.0-dev.20260322.1", "", { "os": "darwin", "cpu": "x64" }, "sha512-G806SrfxkYNAgZ9Xk53+OvbmIg9iD5hjaiD2QhDQL2aZjzy10D4MhcdaZEOoMfw0OI/PoJPYOiPD+9/x2kw3Lg=="],

    "@typescript/native-preview-linux-arm": ["@typescript/native-preview-linux-arm@7.0.0-dev.20260322.1", "", { "os": "linux", "cpu": "arm" }, "sha512-0a12pp19ELiNHMqTglfQQQNMsxvtzpjAa4qf12oMJoGyy+UnguKEmaaaCHdp75KvBXGDzlssfDAdiy+NirN19A=="],

    "@typescript/native-preview-linux-arm64": ["@typescript/native-preview-linux-arm64@7.0.0-dev.20260322.1", "", { "os": "linux", "cpu": "arm64" }, "sha512-+FyomEEt3K8TBO//n3Ijr61SDM2F7cxZCVqGt+Wk3rLcOCQ2i+8+p64gdsZCmImy3CyP0hBnxPydEbyNkZLtvg=="],

    "@typescript/native-preview-linux-x64": ["@typescript/native-preview-linux-x64@7.0.0-dev.20260322.1", "", { "os": "linux", "cpu": "x64" }, "sha512-MviQe5x4WqQGv/Vhu4hcv2A0qTW/BTaZPbOLYCtvhuovNFO6D++ZmJAbHvA0h/bJEaNTgxKZdZPHMpCfSEKfjA=="],

    "@typescript/native-preview-win32-arm64": ["@typescript/native-preview-win32-arm64@7.0.0-dev.20260322.1", "", { "os": "win32", "cpu": "arm64" }, "sha512-ibnMaXDJPSgMXKC61NHiFlww/xjAEINgc1mcn2ntTfuGHwduU4P9Bi038TxXg95Wmu3v6xIPIorXXsBOdE+p3Q=="],

    "@typescript/native-preview-win32-x64": ["@typescript/native-preview-win32-x64@7.0.0-dev.20260322.1", "", { "os": "win32", "cpu": "x64" }, "sha512-O+r1RToWBbGkK7NXC7DpraLObSWyxvSqRiSfr/BlZ351Cdq1q3121zCGzVtqERGeRtVoEMRrzS5ITOd6On/pCw=="],

    "bun-types": ["bun-types@1.3.11", "", { "dependencies": { "@types/node": "*" } }, "sha512-1KGPpoxQWl9f6wcZh57LvrPIInQMn2TQ7jsgxqpRzg+l0QPOFvJVH7HmvHo/AiPgwXy+/Thf6Ov3EdVn1vOabg=="],

    "chownr": ["chownr@3.0.0", "", {}, "sha512-+IxzY9BZOQd/XuYPRmrvEVjF/nqj5kgT4kEq7VofrDoM1MxoRjEWkrCC3EtLi59TVawxTAn+orJwFQcrqEN1+g=="],

    "detect-libc": ["detect-libc@2.1.2", "", {}, "sha512-Btj2BOOO83o3WyH59e8MgXsxEQVcarkUOpEYrubB0urwnN10yQ364rsiByU11nZlqWYZm05i/of7io4mzihBtQ=="],

    "effect": ["effect@4.0.0-beta.36", "", { "dependencies": { "@standard-schema/spec": "^1.1.0", "fast-check": "^4.5.3", "find-my-way-ts": "^0.1.6", "ini": "^6.0.0", "kubernetes-types": "^1.30.0", "msgpackr": "^1.11.8", "multipasta": "^0.2.7", "toml": "^3.0.0", "uuid": "^13.0.0", "yaml": "^2.8.2" } }, "sha512-It0ivpQrAi7cTAISEVPLbPjGGLSN90dZ1Y6iDhYbUdBj/QH8rf/AZVx1tGYLgA++Jfs+5ONrxA88gpNYWXxXKA=="],

    "fast-check": ["fast-check@4.6.0", "", { "dependencies": { "pure-rand": "^8.0.0" } }, "sha512-h7H6Dm0Fy+H4ciQYFxFjXnXkzR2kr9Fb22c0UBpHnm59K2zpr2t13aPTHlltFiNT6zuxp6HMPAVVvgur4BLdpA=="],

    "find-my-way-ts": ["find-my-way-ts@0.1.6", "", {}, "sha512-a85L9ZoXtNAey3Y6Z+eBWW658kO/MwR7zIafkIUPUMf3isZG0NCs2pjW2wtjxAKuJPxMAsHUIP4ZPGv0o5gyTA=="],

    "ini": ["ini@6.0.0", "", {}, "sha512-IBTdIkzZNOpqm7q3dRqJvMaldXjDHWkEDfrwGEQTs5eaQMWV+djAhR+wahyNNMAa+qpbDUhBMVt4ZKNwpPm7xQ=="],

    "kubernetes-types": ["kubernetes-types@1.30.0", "", {}, "sha512-Dew1okvhM/SQcIa2rcgujNndZwU8VnSapDgdxlYoB84ZlpAD43U6KLAFqYo17ykSFGHNPrg0qry0bP+GJd9v7Q=="],

    "minipass": ["minipass@7.1.3", "", {}, "sha512-tEBHqDnIoM/1rXME1zgka9g6Q2lcoCkxHLuc7ODJ5BxbP5d4c2Z5cGgtXAku59200Cx7diuHTOYfSBD8n6mm8A=="],

    "minizlib": ["minizlib@3.1.0", "", { "dependencies": { "minipass": "^7.1.2" } }, "sha512-KZxYo1BUkWD2TVFLr0MQoM8vUUigWD3LlD83a/75BqC+4qE0Hb1Vo5v1FgcfaNXvfXzr+5EhQ6ing/CaBijTlw=="],

    "msgpackr": ["msgpackr@1.11.9", "", { "optionalDependencies": { "msgpackr-extract": "^3.0.2" } }, "sha512-FkoAAyyA6HM8wL882EcEyFZ9s7hVADSwG9xrVx3dxxNQAtgADTrJoEWivID82Iv1zWDsv/OtbrrcZAzGzOMdNw=="],

    "msgpackr-extract": ["msgpackr-extract@3.0.3", "", { "dependencies": { "node-gyp-build-optional-packages": "5.2.2" }, "optionalDependencies": { "@msgpackr-extract/msgpackr-extract-darwin-arm64": "3.0.3", "@msgpackr-extract/msgpackr-extract-darwin-x64": "3.0.3", "@msgpackr-extract/msgpackr-extract-linux-arm": "3.0.3", "@msgpackr-extract/msgpackr-extract-linux-arm64": "3.0.3", "@msgpackr-extract/msgpackr-extract-linux-x64": "3.0.3", "@msgpackr-extract/msgpackr-extract-win32-x64": "3.0.3" }, "bin": { "download-msgpackr-prebuilds": "bin/download-prebuilds.js" } }, "sha512-P0efT1C9jIdVRefqjzOQ9Xml57zpOXnIuS+csaB4MdZbTdmGDLo8XhzBG1N7aO11gKDDkJvBLULeFTo46wwreA=="],

    "multipasta": ["multipasta@0.2.7", "", {}, "sha512-KPA58d68KgGil15oDqXjkUBEBYc00XvbPj5/X+dyzeo/lWm9Nc25pQRlf1D+gv4OpK7NM0J1odrbu9JNNGvynA=="],

    "node-gyp-build-optional-packages": ["node-gyp-build-optional-packages@5.2.2", "", { "dependencies": { "detect-libc": "^2.0.1" }, "bin": { "node-gyp-build-optional-packages": "bin.js", "node-gyp-build-optional-packages-optional": "optional.js", "node-gyp-build-optional-packages-test": "build-test.js" } }, "sha512-s+w+rBWnpTMwSFbaE0UXsRlg7hU4FjekKU4eyAih5T8nJuNZT1nNsskXpxmeqSK9UzkBl6UgRlnKc8hz8IEqOw=="],

    "pure-rand": ["pure-rand@8.3.0", "", {}, "sha512-1ws1Ab8fnsf4bvpL+SujgBnr3KFs5abgCLVzavBp+f2n8Ld5YTOZlkv/ccYPhu3X9s+MEeqPRMqKlJz/kWDK8A=="],

    "tar": ["tar@7.5.12", "", { "dependencies": { "@isaacs/fs-minipass": "^4.0.0", "chownr": "^3.0.0", "minipass": "^7.1.2", "minizlib": "^3.1.0", "yallist": "^5.0.0" } }, "sha512-9TsuLcdhOn4XztcQqhNyq1KOwOOED/3k58JAvtULiYqbO8B/0IBAAIE1hj0Svmm58k27TmcigyDI0deMlgG3uw=="],

    "toml": ["toml@3.0.0", "", {}, "sha512-y/mWCZinnvxjTKYhJ+pYxwD0mRLVvOtdS2Awbgxln6iEnt4rk0yBxeSBHkGJcPucRiG0e55mwWp+g/05rsrd6w=="],

    "typescript": ["typescript@5.9.3", "", { "bin": { "tsc": "bin/tsc", "tsserver": "bin/tsserver" } }, "sha512-jl1vZzPDinLr9eUt3J/t7V6FgNEw9QjvBPdysz9KfQDD41fQrC2Y4vKQdiaUpFT4bXlb1RHhLpp8wtm6M5TgSw=="],

    "undici-types": ["undici-types@7.18.2", "", {}, "sha512-AsuCzffGHJybSaRrmr5eHr81mwJU3kjw6M+uprWvCXiNeN9SOGwQ3Jn8jb8m3Z6izVgknn1R0FTCEAP2QrLY/w=="],

    "uuid": ["uuid@13.0.0", "", { "bin": { "uuid": "dist-node/bin/uuid" } }, "sha512-XQegIaBTVUjSHliKqcnFqYypAd4S+WCYt5NIeRs6w/UAry7z8Y9j5ZwRRL4kzq9U3sD6v+85er9FvkEaBpji2w=="],

    "yallist": ["yallist@5.0.0", "", {}, "sha512-YgvUTfwqyc7UXVMrB+SImsVYSmTS8X/tSrtdNZMImM+n7+QTriRXyXim0mBrTXNeqzVF0KWGgHPeiyViFFrNDw=="],

    "yaml": ["yaml@2.8.3", "", { "bin": { "yaml": "bin.mjs" } }, "sha512-AvbaCLOO2Otw/lW5bmh9d/WEdcDFdQp2Z2ZUH3pX9U2ihyUY0nvLv7J6TrWowklRGPYbB/IuIMfYgxaCPg5Bpg=="],
  }
}
