{
  "lockfileVersion": 1,
  "configVersion": 1,
  "workspaces": {
    "": {
      "name": "effect2d",
      "dependencies": {
        "@effect/platform-bun": "^4.0.0-beta.68",
        "effect": "^4.0.0-beta.68",
        "node-web-audio-api": "^1.0.9",
        "skia-canvas": "^3.0.8",
      },
      "devDependencies": {
        "@biomejs/biome": "^2.4.15",
        "@effect/language-service": "^0.86.1",
        "@effect/tsgo": "^0.7.4",
        "@oxlint/plugins": "^1.66.0",
        "@types/bun": "1.3.14",
        "@typescript/native-preview": "^7.0.0-dev.20260519.1",
        "oxlint": "^1.66.0",
      },
    },
  },
  "trustedDependencies": [
    "skia-canvas",
    "msgpackr-extract",
  ],
  "packages": {
    "@biomejs/biome": ["@biomejs/biome@2.4.15", "", { "optionalDependencies": { "@biomejs/cli-darwin-arm64": "2.4.15", "@biomejs/cli-darwin-x64": "2.4.15", "@biomejs/cli-linux-arm64": "2.4.15", "@biomejs/cli-linux-arm64-musl": "2.4.15", "@biomejs/cli-linux-x64": "2.4.15", "@biomejs/cli-linux-x64-musl": "2.4.15", "@biomejs/cli-win32-arm64": "2.4.15", "@biomejs/cli-win32-x64": "2.4.15" }, "bin": { "biome": "bin/biome" } }, "sha512-j5VH3a/h/HXTKBM50MDMxRCzkeLv9S2XJcW2WgnZT1+xyisi+0bISrXR82gCX+8S9lvK0skEvHJRN+3Ktr2hlw=="],

    "@biomejs/cli-darwin-arm64": ["@biomejs/cli-darwin-arm64@2.4.15", "", { "os": "darwin", "cpu": "arm64" }, "sha512-rF3PPqLq1yoST79zaQbDjVJwsuIeci/O+9bgNmC5QpgOqz6aqYuzA4abyAGx+mgyiDXn4A049xAN8gijbuR1Qg=="],

    "@biomejs/cli-darwin-x64": ["@biomejs/cli-darwin-x64@2.4.15", "", { "os": "darwin", "cpu": "x64" }, "sha512-/5KHXYMfSJs1fNXiX30xFtI8JcCFV6zaVVLxOa0M2sfqBKHkpQhRTv94yxQWxeTY2lzo2OuTlNvPC+hDQt2wcQ=="],

    "@biomejs/cli-linux-arm64": ["@biomejs/cli-linux-arm64@2.4.15", "", { "os": "linux", "cpu": "arm64" }, "sha512-owaAMZD/T4LrD0ELNCk0Km3qrRHuM0X6EAyVE1FSqGY0rbLoiDLrO4Us2tllm6cAeB2Ioa9C2C08NZPdr8+0Ug=="],

    "@biomejs/cli-linux-arm64-musl": ["@biomejs/cli-linux-arm64-musl@2.4.15", "", { "os": "linux", "cpu": "arm64" }, "sha512-ZPcxznxm0pogHBLZhYntyR3sR+MrZjqJIKEr7ZqVen0Rl+P/4upVmfYXjftizi9RoqZntg33fv/1fbdhbYXpEQ=="],

    "@biomejs/cli-linux-x64": ["@biomejs/cli-linux-x64@2.4.15", "", { "os": "linux", "cpu": "x64" }, "sha512-0jj7THz12GbUOLmMibktK6DZjqz2zV64KFxyBtcFTKPiiOIY0a7vns1elpO1dERvxpsZ5ik0oFfz0oGwFde1+g=="],

    "@biomejs/cli-linux-x64-musl": ["@biomejs/cli-linux-x64-musl@2.4.15", "", { "os": "linux", "cpu": "x64" }, "sha512-CNq/9W38SYSH023lfcQ4KKU8K0YX8T//FZUhcgtMMRABDojx5XsMV7jlweAvGSl389wJQB29Qo6Zb/a+jdvt+w=="],

    "@biomejs/cli-win32-arm64": ["@biomejs/cli-win32-arm64@2.4.15", "", { "os": "win32", "cpu": "arm64" }, "sha512-ouhkYdlhp/1GghEJPdWwD/Vi3gQ1nFxuSpMolWsbq3Lsq3QUR4jl6UdhhscdCugKU5vOEuMiJhvKj66O0OCq+w=="],

    "@biomejs/cli-win32-x64": ["@biomejs/cli-win32-x64@2.4.15", "", { "os": "win32", "cpu": "x64" }, "sha512-zBrGq5mx5wwpnow4+2BxUvleDM+GNd4sLbPaMapsSLQLD0NGRCquqPBTgN+7XkUteHvj7M+BstuI8tmnV7+HgQ=="],

    "@effect/language-service": ["@effect/language-service@0.86.1", "", { "bin": { "effect-language-service": "cli.js" } }, "sha512-jfUuFdtNPKRZ4ZSrgTnfMHPIVq8L9cM+YGEylQ1lhIgNY23ZvfdPg0cUlWESd4q9aGvOWSA8E79AS0qe3j4ROw=="],

    "@effect/platform-bun": ["@effect/platform-bun@4.0.0-beta.68", "", { "dependencies": { "@effect/platform-node-shared": "^4.0.0-beta.68" }, "peerDependencies": { "effect": "^4.0.0-beta.68" } }, "sha512-Jhk+OqaV2N8KjmT3BxeYq5K914ZHYuId1yaIAoqvcU6YwgPD3grfhv9vfKyJJ3GP0vFFeOIL6T5NWQy0Qf+3AA=="],

    "@effect/platform-node-shared": ["@effect/platform-node-shared@4.0.0-beta.68", "", { "dependencies": { "@types/ws": "^8.18.1", "ws": "^8.20.0" }, "peerDependencies": { "effect": "^4.0.0-beta.68" } }, "sha512-a6q/Rid2CQQBSoTIhBnT2oCozeaEvx5DXreSdT4jbvxPSC0j2l0EqcYdHgvEGDqvhocIAezgmSQbcHNcnyDg8w=="],

    "@effect/tsgo": ["@effect/tsgo@0.7.4", "", { "optionalDependencies": { "@effect/tsgo-darwin-arm64": "0.7.4", "@effect/tsgo-darwin-x64": "0.7.4", "@effect/tsgo-linux-arm": "0.7.4", "@effect/tsgo-linux-arm64": "0.7.4", "@effect/tsgo-linux-x64": "0.7.4", "@effect/tsgo-win32-arm64": "0.7.4", "@effect/tsgo-win32-x64": "0.7.4" }, "bin": { "effect-tsgo": "dist/effect-tsgo.js" } }, "sha512-TBNy7iPEwJ7SD8z7cLdGAK9940TTyLFOaaeHZhs61yLhCrTACUjWfVa1jEcnrhGVQvZs/aSGW7Q8+HE0vy1qzw=="],

    "@effect/tsgo-darwin-arm64": ["@effect/tsgo-darwin-arm64@0.7.4", "", { "os": "darwin", "cpu": "arm64" }, "sha512-7CYS8apToj4uQR11hbYexq4A+04vcfFkSJCg6hHTMqU1EcXC27kryMeaf9c3ZWJmHGP/7xqwOgFB7G634+sUxg=="],

    "@effect/tsgo-darwin-x64": ["@effect/tsgo-darwin-x64@0.7.4", "", { "os": "darwin", "cpu": "x64" }, "sha512-jgK6gOlf+otzdfKUQHdmg70AT779koIAoGnK/yawhrKMqdrfE3oqlN61JqElE0VkSUFFc0KoBr/XAmjT1qssBQ=="],

    "@effect/tsgo-linux-arm": ["@effect/tsgo-linux-arm@0.7.4", "", { "os": "linux", "cpu": "arm" }, "sha512-aDB95uh/nTu+gZVBGK+N73Rpz8Hm3Gy3XFSqPP/au6amdTvo8AoY6HagAEA+DvvkYI0onRu5bpQ8ZHtpRoqqxA=="],

    "@effect/tsgo-linux-arm64": ["@effect/tsgo-linux-arm64@0.7.4", "", { "os": "linux", "cpu": "arm64" }, "sha512-63DgQxFb9osOBsfGAjsvToXuC3WPE+4tVMBIsStOt8jmNH1UMYhlH5MYnXfNOgaThJhiQmLgTYwUIWyL/8M58g=="],

    "@effect/tsgo-linux-x64": ["@effect/tsgo-linux-x64@0.7.4", "", { "os": "linux", "cpu": "x64" }, "sha512-I7fwM04WvAj+dRNbjSYTMl3SpOXVmHB+xHUG9kEYBhHi7hTEBpISFKv18fdRtOi69f1OhXRmOQ5SlR397EVppg=="],

    "@effect/tsgo-win32-arm64": ["@effect/tsgo-win32-arm64@0.7.4", "", { "os": "win32", "cpu": "arm64" }, "sha512-x+CU0wWGaVo3ZljAxQJOceMYfzm1xHE0vVOUWJEnm9qc5SlDPsw3r0N/GFiPQEdCtdHJZVEGMf3UNHQdObZ+jA=="],

    "@effect/tsgo-win32-x64": ["@effect/tsgo-win32-x64@0.7.4", "", { "os": "win32", "cpu": "x64" }, "sha512-kGTGtpxBXm/Wrf5SdCCoroBUqFX69wFHPjCiJdZpJsK3y2FjLzp1I/zcOCIJEvjV1c7fOEJQ1znsH2loYpDOVA=="],

    "@msgpackr-extract/msgpackr-extract-darwin-arm64": ["@msgpackr-extract/msgpackr-extract-darwin-arm64@3.0.3", "", { "os": "darwin", "cpu": "arm64" }, "sha512-QZHtlVgbAdy2zAqNA9Gu1UpIuI8Xvsd1v8ic6B2pZmeFnFcMWiPLfWXh7TVw4eGEZ/C9TH281KwhVoeQUKbyjw=="],

    "@msgpackr-extract/msgpackr-extract-darwin-x64": ["@msgpackr-extract/msgpackr-extract-darwin-x64@3.0.3", "", { "os": "darwin", "cpu": "x64" }, "sha512-mdzd3AVzYKuUmiWOQ8GNhl64/IoFGol569zNRdkLReh6LRLHOXxU4U8eq0JwaD8iFHdVGqSy4IjFL4reoWCDFw=="],

    "@msgpackr-extract/msgpackr-extract-linux-arm": ["@msgpackr-extract/msgpackr-extract-linux-arm@3.0.3", "", { "os": "linux", "cpu": "arm" }, "sha512-fg0uy/dG/nZEXfYilKoRe7yALaNmHoYeIoJuJ7KJ+YyU2bvY8vPv27f7UKhGRpY6euFYqEVhxCFZgAUNQBM3nw=="],

    "@msgpackr-extract/msgpackr-extract-linux-arm64": ["@msgpackr-extract/msgpackr-extract-linux-arm64@3.0.3", "", { "os": "linux", "cpu": "arm64" }, "sha512-YxQL+ax0XqBJDZiKimS2XQaf+2wDGVa1enVRGzEvLLVFeqa5kx2bWbtcSXgsxjQB7nRqqIGFIcLteF/sHeVtQg=="],

    "@msgpackr-extract/msgpackr-extract-linux-x64": ["@msgpackr-extract/msgpackr-extract-linux-x64@3.0.3", "", { "os": "linux", "cpu": "x64" }, "sha512-cvwNfbP07pKUfq1uH+S6KJ7dT9K8WOE4ZiAcsrSes+UY55E/0jLYc+vq+DO7jlmqRb5zAggExKm0H7O/CBaesg=="],

    "@msgpackr-extract/msgpackr-extract-win32-x64": ["@msgpackr-extract/msgpackr-extract-win32-x64@3.0.3", "", { "os": "win32", "cpu": "x64" }, "sha512-x0fWaQtYp4E6sktbsdAqnehxDgEc/VwM7uLsRCYWaiGu0ykYdZPiS8zCWdnjHwyiumousxfBm4SO31eXqwEZhQ=="],

    "@oxlint/binding-android-arm-eabi": ["@oxlint/binding-android-arm-eabi@1.66.0", "", { "os": "android", "cpu": "arm" }, "sha512-f7kq8N51T4phpzqfBpA2qaVTI/KrkCmNwaj3t/97I/WLTDI+UhlP5GL9eER+zVxBhtlx5rKXWByJU1/zDAvyaw=="],

    "@oxlint/binding-android-arm64": ["@oxlint/binding-android-arm64@1.66.0", "", { "os": "android", "cpu": "arm64" }, "sha512-xu6QO71tdDS9mjmLZ3AqhtaVHBvdmsOKkYnReNNDgh+XiwnsipeQOIxbiYOOO0iAXycJ+GK0wdMSZP/2j/AmSg=="],

    "@oxlint/binding-darwin-arm64": ["@oxlint/binding-darwin-arm64@1.66.0", "", { "os": "darwin", "cpu": "arm64" }, "sha512-HZ24VimSOC7mxuEA99e0H2FS0C1yO3+iW13jPRAk+e2njsUs3QeAXsafCDyaIrV/MirdOVez+etQNQsJE43zNQ=="],

    "@oxlint/binding-darwin-x64": ["@oxlint/binding-darwin-x64@1.66.0", "", { "os": "darwin", "cpu": "x64" }, "sha512-awhj8ZvJrrRSnXj7V++rpZvTmnl99L6mi0B7gg7Cp7BN6cKpzuI481bHNLvXGA9GB1/oEgA3ponuyoAc6Md12A=="],

    "@oxlint/binding-freebsd-x64": ["@oxlint/binding-freebsd-x64@1.66.0", "", { "os": "freebsd", "cpu": "x64" }, "sha512-KQF0oVV21/FjIqkRuL8Q1vh8ECsE5+ocdH5tcqTQ4ZnYuDVoYibQUNfqBjQaUsP6UIIda5Y75Wpm5p4RgQWiWw=="],

    "@oxlint/binding-linux-arm-gnueabihf": ["@oxlint/binding-linux-arm-gnueabihf@1.66.0", "", { "os": "linux", "cpu": "arm" }, "sha512-9u1rgwZSEXWb30vbFZzQ78HVXBo0WCKNwJ3a2InRUTNMRng+PUDIoSFmA+m4HdUfBaIqftShq8J8qHc+eE/Vig=="],

    "@oxlint/binding-linux-arm-musleabihf": ["@oxlint/binding-linux-arm-musleabihf@1.66.0", "", { "os": "linux", "cpu": "arm" }, "sha512-Ynot2HR1bHxUaNWoC280MVTDfZuaWuP3XfSMRDhyuZrVjhzoaBCVFlw8h8qeZjWKVUBhPWFIxB7AQTlK8Z2WWg=="],

    "@oxlint/binding-linux-arm64-gnu": ["@oxlint/binding-linux-arm64-gnu@1.66.0", "", { "os": "linux", "cpu": "arm64" }, "sha512-xCbgzciGgo+A4aQZEknsNrNiIwY7sU5SfRuMmRjPIvZAgdF34cIHiKvwOsS5XRLjlTVSFwitmq6YclTtHTfU+g=="],

    "@oxlint/binding-linux-arm64-musl": ["@oxlint/binding-linux-arm64-musl@1.66.0", "", { "os": "linux", "cpu": "arm64" }, "sha512-hmo+ZB/lHkR1HdDmnziNpzSLmulnUSu10VEqX2Yex7OwvoBAbjJQLvy4gIBRV3AAwWnCvAxKp5Nv1GE6LU1QMg=="],

    "@oxlint/binding-linux-ppc64-gnu": ["@oxlint/binding-linux-ppc64-gnu@1.66.0", "", { "os": "linux", "cpu": "ppc64" }, "sha512-2Invd4Uyy81mVooQC5FBtfxSNrvcX1OxbMlVQ6M2erRrNI2awFYF26YNW2yFxdVFZ4ffNOWKghtMjhnUPsXsVA=="],

    "@oxlint/binding-linux-riscv64-gnu": ["@oxlint/binding-linux-riscv64-gnu@1.66.0", "", { "os": "linux", "cpu": "none" }, "sha512-s0iXPDQVdgayE3RGa/N2DZF7tjgg0TwEtD1sGoDxqPDGrIXgo45H0yHknT0f9A0yteASsweYZtDyTuVlM4aSag=="],

    "@oxlint/binding-linux-riscv64-musl": ["@oxlint/binding-linux-riscv64-musl@1.66.0", "", { "os": "linux", "cpu": "none" }, "sha512-OekL4XFiu7RPK0JIZi8VeHgtIXPREf42t8Cy/rKEsC+P3gcqDgNAAGiyuUOpdbG4wwbfue1q4CHcCO7spSve6w=="],

    "@oxlint/binding-linux-s390x-gnu": ["@oxlint/binding-linux-s390x-gnu@1.66.0", "", { "os": "linux", "cpu": "s390x" }, "sha512-Ga1D0kj1SFslm34ThA/BdkUlyAYEnTsXyRC4pF0C5agZSwtGdHYWMTQWemUfBGp4RCG4QWXgdO+HmmmKqOtlBg=="],

    "@oxlint/binding-linux-x64-gnu": ["@oxlint/binding-linux-x64-gnu@1.66.0", "", { "os": "linux", "cpu": "x64" }, "sha512-p5jfP1wUZe/IC3qpQO84n9DRnf9g3lKRtLBlQq23ykyrDglHcVx7sWmVTlPuU6SBw8mNnPzyOn022G3XZHnlww=="],

    "@oxlint/binding-linux-x64-musl": ["@oxlint/binding-linux-x64-musl@1.66.0", "", { "os": "linux", "cpu": "x64" }, "sha512-vUB/sYlYZorDL1ZD+o9mRv7zbsykrrFRtmgS6R8musZqLtrPRQn1gc1eGpuX+sfdccz42STl/AqldY6XRb2upQ=="],

    "@oxlint/binding-openharmony-arm64": ["@oxlint/binding-openharmony-arm64@1.66.0", "", { "os": "none", "cpu": "arm64" }, "sha512-yde+6p/F59xRkGR9H1HfngWRif1QRJjynZK349l+UI0H6w9hL3G8/AVaTHFyTtLVQ56qtNbX2/5Dc77n1ovnOg=="],

    "@oxlint/binding-win32-arm64-msvc": ["@oxlint/binding-win32-arm64-msvc@1.66.0", "", { "os": "win32", "cpu": "arm64" }, "sha512-O9GLucgoTdmOrbBX+EjzNe7o/Ze5TFOvXcib6bzUOtBOmj6cV+zw18NgB+cGKAkDw1Pdqs8vGkfHbbsLuDtXWg=="],

    "@oxlint/binding-win32-ia32-msvc": ["@oxlint/binding-win32-ia32-msvc@1.66.0", "", { "os": "win32", "cpu": "ia32" }, "sha512-m3Pjwc2MfTcom4E4gOv7DyuGyt7OfGNCbmqDHd+N7EzXmP+ppHuudm2NjcA3AjV5TSeGxaguVF4SbTKHe1USYA=="],

    "@oxlint/binding-win32-x64-msvc": ["@oxlint/binding-win32-x64-msvc@1.66.0", "", { "os": "win32", "cpu": "x64" }, "sha512-/DbBvw8UFBhja6PqudUjV4UtfsJr0Oa7jUjWVKB0g86lj/VwnPrkngn0sFql3c9RDA0O16dh7ozsXb6GjNAzBQ=="],

    "@oxlint/plugins": ["@oxlint/plugins@1.66.0", "", {}, "sha512-dVw9+y1tB9rDObtjzsDhxRsreZrEoKohujt+w/sZ09+kmA5yI/ORQJFPR/xSC+jpw0TWmE6gnb6N1lD/z7uElA=="],

    "@standard-schema/spec": ["@standard-schema/spec@1.1.0", "", {}, "sha512-l2aFy5jALhniG5HgqrD6jXLi/rUWrKvqN/qJx6yoJsgKhblVd+iqqU4RCXavm/jPityDo5TCvKMnpjKnOriy0w=="],

    "@types/bun": ["@types/bun@1.3.14", "", { "dependencies": { "bun-types": "1.3.14" } }, "sha512-h1hFqFVcvAvD9j9K7ZW7vd82aSA+rTdznZa+5bwvCwqSB1jmmfLcbIWhOLx1/+boy/xmjgCs/OMUL8hRJSmnPw=="],

    "@types/node": ["@types/node@25.5.0", "", { "dependencies": { "undici-types": "~7.18.0" } }, "sha512-jp2P3tQMSxWugkCUKLRPVUpGaL5MVFwF8RDuSRztfwgN1wmqJeMSbKlnEtQqU8UrhTmzEmZdu2I6v2dpp7XIxw=="],

    "@types/ws": ["@types/ws@8.18.1", "", { "dependencies": { "@types/node": "*" } }, "sha512-ThVF6DCVhA8kUGy+aazFQ4kXQ7E1Ty7A3ypFOe0IcJV8O/M511G99AW24irKrW56Wt44yG9+ij8FaqoBGkuBXg=="],

    "@typescript/native-preview": ["@typescript/native-preview@7.0.0-dev.20260519.1", "", { "optionalDependencies": { "@typescript/native-preview-darwin-arm64": "7.0.0-dev.20260519.1", "@typescript/native-preview-darwin-x64": "7.0.0-dev.20260519.1", "@typescript/native-preview-linux-arm": "7.0.0-dev.20260519.1", "@typescript/native-preview-linux-arm64": "7.0.0-dev.20260519.1", "@typescript/native-preview-linux-x64": "7.0.0-dev.20260519.1", "@typescript/native-preview-win32-arm64": "7.0.0-dev.20260519.1", "@typescript/native-preview-win32-x64": "7.0.0-dev.20260519.1" }, "bin": { "tsgo": "bin/tsgo.js" } }, "sha512-VVER7vFUDdfm5k3jbH5765tVEJa7+0rTUkFeXyGYrXPxpw9BIjA0QDxdtdlRyaU8MCZV9IKZUo6doxeAQRAjPg=="],

    "@typescript/native-preview-darwin-arm64": ["@typescript/native-preview-darwin-arm64@7.0.0-dev.20260519.1", "", { "os": "darwin", "cpu": "arm64" }, "sha512-c9zdG6sGJf25Jpz04JgE23zhYeprqFypDGuqiX94yMTvR8IWXjq3R2oMnim66YLBDon/V1nCEy6cFixeSd/4fg=="],

    "@typescript/native-preview-darwin-x64": ["@typescript/native-preview-darwin-x64@7.0.0-dev.20260519.1", "", { "os": "darwin", "cpu": "x64" }, "sha512-N16V3wiM0tsNmSSA7nZrxqXXt5OCJxBwiCVn35rnA7fr4WzJw6rJmwf9heNNhZ6Gh4ne3+Pexajf5akzuHR75Q=="],

    "@typescript/native-preview-linux-arm": ["@typescript/native-preview-linux-arm@7.0.0-dev.20260519.1", "", { "os": "linux", "cpu": "arm" }, "sha512-8v4BExeeuCTrhaSGfeIJqm3qQkTzlZix/Qd/FkPlWoz9f7d7COvXb3Z4qhbaVolL0MMnUvQ7m005Z4kYsZ645A=="],

    "@typescript/native-preview-linux-arm64": ["@typescript/native-preview-linux-arm64@7.0.0-dev.20260519.1", "", { "os": "linux", "cpu": "arm64" }, "sha512-ltf91vAwKdbu0SlRQbFgi1h5ZrLLrBn6a4qIeN2VILGbtYrCXnARHRznLBv81yUETQ7aVr/LSQcmsWo1ejCK0w=="],

    "@typescript/native-preview-linux-x64": ["@typescript/native-preview-linux-x64@7.0.0-dev.20260519.1", "", { "os": "linux", "cpu": "x64" }, "sha512-AVD0tczTtFCHNa4RQRVPvu8Hnw4P3hQ+OlUAjnz/lHowvc6o1pYB46elMqfDuaoWqIpv+EAkAPP4ipFCofJ5IA=="],

    "@typescript/native-preview-win32-arm64": ["@typescript/native-preview-win32-arm64@7.0.0-dev.20260519.1", "", { "os": "win32", "cpu": "arm64" }, "sha512-TM+qatljyejqjHevCta3WIH53i0oGC7K8SoJ6t+mf4cGMTpZTyd7NhC1ts7e6/aydZnG53Bsta2iQi1SMIlQEw=="],

    "@typescript/native-preview-win32-x64": ["@typescript/native-preview-win32-x64@7.0.0-dev.20260519.1", "", { "os": "win32", "cpu": "x64" }, "sha512-r9LEsoY7JC/82gXo8hlOmpQaUXcqmngCVOv+mUx1UeMt9f+1S6oNO0W48o75mlBqqC7jfcMHqw8YS4LfVxPRGw=="],

    "agent-base": ["agent-base@7.1.4", "", {}, "sha512-MnA+YT8fwfJPgBx3m60MNqakm30XOkyIoH1y6huTQvC0PwZG7ki8NacLBcrPbNoo8vEZy7Jpuk7+jMO+CUovTQ=="],

    "bun-types": ["bun-types@1.3.14", "", { "dependencies": { "@types/node": "*" } }, "sha512-4N0ig0fEomHt5R0KCFWjovxow98rIoRwKolrYdCcknNwMekCXRnWEUvgu5soYV8QXtVsrUD8B95MBOZGPvr6KQ=="],

    "caller": ["caller@1.1.0", "", {}, "sha512-n+21IZC3j06YpCWaxmUy5AnVqhmCIM2bQtqQyy00HJlmStRt6kwDX5F9Z97pqwAB+G/tgSz6q/kUBbNyQzIubw=="],

    "data-uri-to-buffer": ["data-uri-to-buffer@4.0.1", "", {}, "sha512-0R9ikRb668HB7QDxT1vkpuUBtqc53YyAwMwGeUFKRojY/NWKvdZ+9UYtRfGmhqNbRkTSVpMbmyhXipFFv2cb/A=="],

    "debug": ["debug@4.4.3", "", { "dependencies": { "ms": "^2.1.3" } }, "sha512-RGwwWnwQvkVfavKVt22FGLw+xYSdzARwm0ru6DhTVA3umU5hZc28V3kO4stgYryrTlLpuvgI9GiijltAjNbcqA=="],

    "detect-libc": ["detect-libc@2.1.2", "", {}, "sha512-Btj2BOOO83o3WyH59e8MgXsxEQVcarkUOpEYrubB0urwnN10yQ364rsiByU11nZlqWYZm05i/of7io4mzihBtQ=="],

    "effect": ["effect@4.0.0-beta.68", "", { "dependencies": { "@standard-schema/spec": "^1.1.0", "fast-check": "^4.8.0", "find-my-way-ts": "^0.1.6", "ini": "^7.0.0", "kubernetes-types": "^1.30.0", "msgpackr": "^2.0.1", "multipasta": "^0.2.7", "toml": "^4.1.1", "uuid": "^14.0.0", "yaml": "^2.9.0" } }, "sha512-JVmKXJvpyKBzr4xEr9nRlA6wQoInsI2WCfu2F69On49hvyDAmAOMb5ACa51HJksvRdqbSg7Zf0d++NQebY9cFQ=="],

    "fast-check": ["fast-check@4.8.0", "", { "dependencies": { "pure-rand": "^8.0.0" } }, "sha512-GOJ158CUMnN6cSahsv4+ExARvIDuzzinFjkp0E9WtiBa5zcVeLozVkWaE4IzFcc+Y48Wp1EDlUZsXRyAztQcSg=="],

    "fetch-blob": ["fetch-blob@3.2.0", "", { "dependencies": { "node-domexception": "^1.0.0", "web-streams-polyfill": "^3.0.3" } }, "sha512-7yAQpD2UMJzLi1Dqv7qFYnPbaPx7ZfFK6PiIxQ4PfkGPyNyl2Ugx+a/umUonmKqjhM4DnfbMvdX6otXq83soQQ=="],

    "find-my-way-ts": ["find-my-way-ts@0.1.6", "", {}, "sha512-a85L9ZoXtNAey3Y6Z+eBWW658kO/MwR7zIafkIUPUMf3isZG0NCs2pjW2wtjxAKuJPxMAsHUIP4ZPGv0o5gyTA=="],

    "follow-redirects": ["follow-redirects@1.15.11", "", {}, "sha512-deG2P0JfjrTxl50XGCDyfI97ZGVCxIpfKYmfyrQ54n5FO/0gfIES8C/Psl6kWVDolizcaaxZJnTS0QSMxvnsBQ=="],

    "formdata-polyfill": ["formdata-polyfill@4.0.10", "", { "dependencies": { "fetch-blob": "^3.1.2" } }, "sha512-buewHzMvYL29jdeQTVILecSaZKnt/RJWjoZCF5OW60Z67/GmSLBkOFM7qh1PI3zFNtJbaZL5eQu1vLfazOwj4g=="],

    "https-proxy-agent": ["https-proxy-agent@7.0.6", "", { "dependencies": { "agent-base": "^7.1.2", "debug": "4" } }, "sha512-vK9P5/iUfdl95AI+JVyUuIcVtd4ofvtrOr3HNtM2yxC9bnMbEdp3x01OhQNnjb8IJYi38VlTE3mBXwcfvywuSw=="],

    "ini": ["ini@7.0.0", "", {}, "sha512-ifK0CgjALofS5bkrcTy4RaQ9Vx2Knf/eLeIO+NaswQEpH1UblrtTSCIvN71qQDMq0PeQ/SSPojvEJp9vvvfr+w=="],

    "kubernetes-types": ["kubernetes-types@1.30.0", "", {}, "sha512-Dew1okvhM/SQcIa2rcgujNndZwU8VnSapDgdxlYoB84ZlpAD43U6KLAFqYo17ykSFGHNPrg0qry0bP+GJd9v7Q=="],

    "ms": ["ms@2.1.3", "", {}, "sha512-6FlzubTLZG3J2a/NVCAleEhjzq5oxgHyaCU9yYXvcLsvoVaHJq/s5xXI6/XXP6tz7R9xAOtHnSO/tXtF3WRTlA=="],

    "msgpackr": ["msgpackr@2.0.1", "", { "optionalDependencies": { "msgpackr-extract": "^3.0.2" } }, "sha512-9J+tqTEsbHqY8YohazYgty7LgerFIWxvMLpUjqETSmjHojtJm2WnX2kK/2a1fLI7CO7ERP1YSEUXMucz4j+yBA=="],

    "msgpackr-extract": ["msgpackr-extract@3.0.3", "", { "dependencies": { "node-gyp-build-optional-packages": "5.2.2" }, "optionalDependencies": { "@msgpackr-extract/msgpackr-extract-darwin-arm64": "3.0.3", "@msgpackr-extract/msgpackr-extract-darwin-x64": "3.0.3", "@msgpackr-extract/msgpackr-extract-linux-arm": "3.0.3", "@msgpackr-extract/msgpackr-extract-linux-arm64": "3.0.3", "@msgpackr-extract/msgpackr-extract-linux-x64": "3.0.3", "@msgpackr-extract/msgpackr-extract-win32-x64": "3.0.3" }, "bin": { "download-msgpackr-prebuilds": "bin/download-prebuilds.js" } }, "sha512-P0efT1C9jIdVRefqjzOQ9Xml57zpOXnIuS+csaB4MdZbTdmGDLo8XhzBG1N7aO11gKDDkJvBLULeFTo46wwreA=="],

    "multipasta": ["multipasta@0.2.7", "", {}, "sha512-KPA58d68KgGil15oDqXjkUBEBYc00XvbPj5/X+dyzeo/lWm9Nc25pQRlf1D+gv4OpK7NM0J1odrbu9JNNGvynA=="],

    "node-domexception": ["node-domexception@1.0.0", "", {}, "sha512-/jKZoMpw0F8GRwl4/eLROPA3cfcXtLApP0QzLmUT/HuPCZWyB7IY9ZrMeKw2O/nFIqPQB3PVM9aYm0F312AXDQ=="],

    "node-fetch": ["node-fetch@3.3.2", "", { "dependencies": { "data-uri-to-buffer": "^4.0.0", "fetch-blob": "^3.1.4", "formdata-polyfill": "^4.0.10" } }, "sha512-dRB78srN/l6gqWulah9SrxeYnxeddIG30+GOqK/9OlLVyLg3HPnr6SqOWTWOXKRwC2eGYCkZ59NNuSgvSrpgOA=="],

    "node-gyp-build-optional-packages": ["node-gyp-build-optional-packages@5.2.2", "", { "dependencies": { "detect-libc": "^2.0.1" }, "bin": { "node-gyp-build-optional-packages": "bin.js", "node-gyp-build-optional-packages-optional": "optional.js", "node-gyp-build-optional-packages-test": "build-test.js" } }, "sha512-s+w+rBWnpTMwSFbaE0UXsRlg7hU4FjekKU4eyAih5T8nJuNZT1nNsskXpxmeqSK9UzkBl6UgRlnKc8hz8IEqOw=="],

    "node-web-audio-api": ["node-web-audio-api@1.0.9", "", { "dependencies": { "caller": "^1.1.0", "node-fetch": "^3.3.2", "webidl-conversions": "^7.0.0" } }, "sha512-udyabeRtRcnxUx4XWvvSAvwTqsAUHAawiVWg0IHFSUAPD8m+5cAAL6RPXgF7BOHxPmJq2s77ceBF4tlG45K0/Q=="],

    "oxlint": ["oxlint@1.66.0", "", { "optionalDependencies": { "@oxlint/binding-android-arm-eabi": "1.66.0", "@oxlint/binding-android-arm64": "1.66.0", "@oxlint/binding-darwin-arm64": "1.66.0", "@oxlint/binding-darwin-x64": "1.66.0", "@oxlint/binding-freebsd-x64": "1.66.0", "@oxlint/binding-linux-arm-gnueabihf": "1.66.0", "@oxlint/binding-linux-arm-musleabihf": "1.66.0", "@oxlint/binding-linux-arm64-gnu": "1.66.0", "@oxlint/binding-linux-arm64-musl": "1.66.0", "@oxlint/binding-linux-ppc64-gnu": "1.66.0", "@oxlint/binding-linux-riscv64-gnu": "1.66.0", "@oxlint/binding-linux-riscv64-musl": "1.66.0", "@oxlint/binding-linux-s390x-gnu": "1.66.0", "@oxlint/binding-linux-x64-gnu": "1.66.0", "@oxlint/binding-linux-x64-musl": "1.66.0", "@oxlint/binding-openharmony-arm64": "1.66.0", "@oxlint/binding-win32-arm64-msvc": "1.66.0", "@oxlint/binding-win32-ia32-msvc": "1.66.0", "@oxlint/binding-win32-x64-msvc": "1.66.0" }, "peerDependencies": { "oxlint-tsgolint": ">=0.22.1" }, "optionalPeers": ["oxlint-tsgolint"], "bin": { "oxlint": "bin/oxlint" } }, "sha512-N4LLxYLd94KEBqXDMDM5f+2PUpItTjDLreXe2Gn5KhjhCK4Qp2YUXaBi8Yu325ryOgKwt22m45fpD7nPOn69Yw=="],

    "parenthesis": ["parenthesis@3.1.8", "", {}, "sha512-KF/U8tk54BgQewkJPvB4s/US3VQY68BRDpH638+7O/n58TpnwiwnOtGIOsT2/i+M78s61BBpeC83STB88d8sqw=="],

    "pure-rand": ["pure-rand@8.4.0", "", {}, "sha512-IoM8YF/jY0hiugFo/wOWqfmarlE6J0wc6fDK1PhftMk7MGhVZl88sZimmqBBFomLOCSmcCCpsfj7wXASCpvK9A=="],

    "skia-canvas": ["skia-canvas@3.0.8", "", { "dependencies": { "detect-libc": "^2.1.1", "follow-redirects": "^1.15.11", "https-proxy-agent": "^7.0.6", "string-split-by": "^1.0.0" } }, "sha512-FSYKxp8Ng2vOeeOBiyPhnn6ui6FirPJXMyjk4PKl8N/OWzVrkMawUgY9zubIWHMdYtyWFn0gfX3QlRwg6HBmdg=="],

    "string-split-by": ["string-split-by@1.0.0", "", { "dependencies": { "parenthesis": "^3.1.5" } }, "sha512-KaJKY+hfpzNyet/emP81PJA9hTVSfxNLS9SFTWxdCnnW1/zOOwiV248+EfoX7IQFcBaOp4G5YE6xTJMF+pLg6A=="],

    "toml": ["toml@4.1.1", "", {}, "sha512-EBJnVBr3dTXdA89WVFoAIPUqkBjxPMwRqsfuo1r240tKFHXv3zgca4+NJib/h6TyvGF7vOawz0jGuryJCdNHrw=="],

    "undici-types": ["undici-types@7.18.2", "", {}, "sha512-AsuCzffGHJybSaRrmr5eHr81mwJU3kjw6M+uprWvCXiNeN9SOGwQ3Jn8jb8m3Z6izVgknn1R0FTCEAP2QrLY/w=="],

    "uuid": ["uuid@14.0.0", "", { "bin": { "uuid": "dist-node/bin/uuid" } }, "sha512-Qo+uWgilfSmAhXCMav1uYFynlQO7fMFiMVZsQqZRMIXp0O7rR7qjkj+cPvBHLgBqi960QCoo/PH2/6ZtVqKvrg=="],

    "web-streams-polyfill": ["web-streams-polyfill@3.3.3", "", {}, "sha512-d2JWLCivmZYTSIoge9MsgFCZrt571BikcWGYkjC1khllbTeDlGqZ2D8vD8E/lJa8WGWbb7Plm8/XJYV7IJHZZw=="],

    "webidl-conversions": ["webidl-conversions@7.0.0", "", {}, "sha512-VwddBukDzu71offAQR975unBIGqfKZpM+8ZX6ySk8nYhVoo5CYaZyzt3YBvYtRtO+aoGlqxPg/B87NGVZ/fu6g=="],

    "ws": ["ws@8.20.0", "", { "peerDependencies": { "bufferutil": "^4.0.1", "utf-8-validate": ">=5.0.2" }, "optionalPeers": ["bufferutil", "utf-8-validate"] }, "sha512-sAt8BhgNbzCtgGbt2OxmpuryO63ZoDk/sqaB/znQm94T4fCEsy/yV+7CdC1kJhOU9lboAEU7R3kquuycDoibVA=="],

    "yaml": ["yaml@2.9.0", "", { "bin": { "yaml": "bin.mjs" } }, "sha512-2AvhNX3mb8zd6Zy7INTtSpl1F15HW6Wnqj0srWlkKLcpYl/gMIMJiyuGq2KeI2YFxUPjdlB+3Lc10seMLtL4cA=="],
  }
}
